PODS:
  - Ads-Global (6.5.0.8):
    - Ads-Global/BUAdSDK (= 6.5.0.8)
  - Ads-Global/BUAdSDK (6.5.0.8)
  - applovin_max (4.2.1):
    - AppLovinSDK (= 13.0.1)
    - Flutter
  - AppLovinMediationBidMachineAdapter (3.2.0.0.0):
    - AppLovinSDK (>= 13.0.0)
    - BidMachine (= 3.2.0)
  - AppLovinMediationBigoAdsAdapter (4.6.0.0):
    - AppLovinSDK (>= 12.4.1)
    - BigoADS (= 4.6.0)
  - AppLovinMediationByteDanceAdapter (6.5.0.8.0):
    - Ads-Global (= 6.5.0.8)
    - AppLovinSDK (>= 13.0.0)
  - AppLovinMediationChartboostAdapter (9.8.1.0):
    - AppLovinSDK (>= 13.0.0)
    - ChartboostSDK (= 9.8.1)
  - AppLovinMediationFacebookAdapter (6.17.0.0):
    - AppLovinSDK (>= 13.0.0)
    - FBAudienceNetwork (= 6.17.0)
  - AppLovinMediationGoogleAdManagerAdapter (11.13.0.1):
    - AppLovinSDK (>= 13.0.0)
    - Google-Mobile-Ads-SDK (= 11.13.0)
  - AppLovinMediationInMobiAdapter (10.8.0.0):
    - AppLovinSDK (>= 13.0.0)
    - InMobiSDK (= 10.8.0)
  - AppLovinMediationIronSourceAdapter (8.7.0.0.0):
    - AppLovinSDK (>= 13.0.0)
    - IronSourceSDK (= 8.7.0.0)
  - AppLovinMediationMolocoAdapter (3.7.0.0):
    - AppLovinSDK (>= 13.0.0)
    - MolocoSDKiOS (= 3.7.0)
  - AppLovinMediationUnityAdsAdapter (4.13.2.0):
    - AppLovinSDK (>= 13.0.0)
    - UnityAds (= 4.13.2)
  - AppLovinMediationVungleAdapter (7.4.4.0):
    - AppLovinSDK (>= 13.0.0)
    - VungleAds (= 7.4.4)
  - AppLovinSDK (13.0.1)
  - appsflyer_sdk (6.15.3):
    - AppsFlyerFramework (= 6.15.3)
    - Flutter
  - AppsFlyerFramework (6.15.3):
    - AppsFlyerFramework/Main (= 6.15.3)
  - AppsFlyerFramework/Main (6.15.3)
  - audioplayers_darwin (0.0.1):
    - Flutter
  - BidMachine (3.2.0):
    - BidMachine/Static (= 3.2.0)
  - BidMachine/Static (3.2.0):
    - StackModules/Static (~> 3.1.0)
  - BigoADS (4.6.0)
  - ChartboostSDK (9.8.1)
  - FBAudienceNetwork (6.17.0)
  - Flutter (1.0.0)
  - flutter_ad_ios_plugins (0.0.1):
    - Flutter
  - flutter_local_notifications (0.0.1):
    - Flutter
  - flutter_tba_info (0.0.1):
    - Flutter
  - fluttertoast (0.0.2):
    - Flutter
    - Toast
  - fun_a (0.0.1):
    - Flutter
  - fun_b (0.0.1):
    - Flutter
  - fun_base (0.0.1):
    - Flutter
  - Google-Mobile-Ads-SDK (11.13.0):
    - GoogleUserMessagingPlatform (>= 1.1)
  - GoogleUserMessagingPlatform (2.7.0)
  - in_app_review (0.2.0):
    - Flutter
  - InMobiSDK (10.8.0)
  - IronSourceSDK (8.7.0.0)
  - MolocoSDKiOS (3.7.0)
  - OMSDK_Appodeal (1.5.2)
  - path_provider_foundation (0.0.1):
    - Flutter
    - FlutterMacOS
  - sqflite (0.0.3):
    - Flutter
    - FlutterMacOS
  - StackModules/Core-Static (3.1.0)
  - StackModules/ProductPresentation-Static (3.1.0):
    - StackModules/Core-Static
  - StackModules/Rendering-Static (3.1.0):
    - OMSDK_Appodeal (~> 1.5.2)
    - StackModules/Core-Static
    - StackModules/ProductPresentation-Static
  - StackModules/Static (3.1.0):
    - StackModules/Core-Static
    - StackModules/ProductPresentation-Static
    - StackModules/Rendering-Static
  - Toast (4.1.1)
  - UnityAds (4.13.2)
  - url_launcher_ios (0.0.1):
    - Flutter
  - VungleAds (7.4.4)
  - webview_flutter_wkwebview (0.0.1):
    - Flutter

DEPENDENCIES:
  - applovin_max (from `.symlinks/plugins/applovin_max/ios`)
  - AppLovinMediationBidMachineAdapter
  - AppLovinMediationBigoAdsAdapter
  - AppLovinMediationByteDanceAdapter
  - AppLovinMediationChartboostAdapter
  - AppLovinMediationFacebookAdapter
  - AppLovinMediationGoogleAdManagerAdapter
  - AppLovinMediationInMobiAdapter
  - AppLovinMediationIronSourceAdapter
  - AppLovinMediationMolocoAdapter
  - AppLovinMediationUnityAdsAdapter
  - AppLovinMediationVungleAdapter
  - appsflyer_sdk (from `.symlinks/plugins/appsflyer_sdk/ios`)
  - audioplayers_darwin (from `.symlinks/plugins/audioplayers_darwin/ios`)
  - Flutter (from `Flutter`)
  - flutter_ad_ios_plugins (from `.symlinks/plugins/flutter_ad_ios_plugins/ios`)
  - flutter_local_notifications (from `.symlinks/plugins/flutter_local_notifications/ios`)
  - flutter_tba_info (from `.symlinks/plugins/flutter_tba_info/ios`)
  - fluttertoast (from `.symlinks/plugins/fluttertoast/ios`)
  - fun_a (from `.symlinks/plugins/fun_a/ios`)
  - fun_b (from `.symlinks/plugins/fun_b/ios`)
  - fun_base (from `.symlinks/plugins/fun_base/ios`)
  - in_app_review (from `.symlinks/plugins/in_app_review/ios`)
  - path_provider_foundation (from `.symlinks/plugins/path_provider_foundation/darwin`)
  - sqflite (from `.symlinks/plugins/sqflite/darwin`)
  - url_launcher_ios (from `.symlinks/plugins/url_launcher_ios/ios`)
  - webview_flutter_wkwebview (from `.symlinks/plugins/webview_flutter_wkwebview/ios`)

SPEC REPOS:
  trunk:
    - Ads-Global
    - AppLovinMediationBidMachineAdapter
    - AppLovinMediationBigoAdsAdapter
    - AppLovinMediationByteDanceAdapter
    - AppLovinMediationChartboostAdapter
    - AppLovinMediationFacebookAdapter
    - AppLovinMediationGoogleAdManagerAdapter
    - AppLovinMediationInMobiAdapter
    - AppLovinMediationIronSourceAdapter
    - AppLovinMediationMolocoAdapter
    - AppLovinMediationUnityAdsAdapter
    - AppLovinMediationVungleAdapter
    - AppLovinSDK
    - AppsFlyerFramework
    - BidMachine
    - BigoADS
    - ChartboostSDK
    - FBAudienceNetwork
    - Google-Mobile-Ads-SDK
    - GoogleUserMessagingPlatform
    - InMobiSDK
    - IronSourceSDK
    - MolocoSDKiOS
    - OMSDK_Appodeal
    - StackModules
    - Toast
    - UnityAds
    - VungleAds

EXTERNAL SOURCES:
  applovin_max:
    :path: ".symlinks/plugins/applovin_max/ios"
  appsflyer_sdk:
    :path: ".symlinks/plugins/appsflyer_sdk/ios"
  audioplayers_darwin:
    :path: ".symlinks/plugins/audioplayers_darwin/ios"
  Flutter:
    :path: Flutter
  flutter_ad_ios_plugins:
    :path: ".symlinks/plugins/flutter_ad_ios_plugins/ios"
  flutter_local_notifications:
    :path: ".symlinks/plugins/flutter_local_notifications/ios"
  flutter_tba_info:
    :path: ".symlinks/plugins/flutter_tba_info/ios"
  fluttertoast:
    :path: ".symlinks/plugins/fluttertoast/ios"
  fun_a:
    :path: ".symlinks/plugins/fun_a/ios"
  fun_b:
    :path: ".symlinks/plugins/fun_b/ios"
  fun_base:
    :path: ".symlinks/plugins/fun_base/ios"
  in_app_review:
    :path: ".symlinks/plugins/in_app_review/ios"
  path_provider_foundation:
    :path: ".symlinks/plugins/path_provider_foundation/darwin"
  sqflite:
    :path: ".symlinks/plugins/sqflite/darwin"
  url_launcher_ios:
    :path: ".symlinks/plugins/url_launcher_ios/ios"
  webview_flutter_wkwebview:
    :path: ".symlinks/plugins/webview_flutter_wkwebview/ios"

SPEC CHECKSUMS:
  Ads-Global: a5f72fa6a7de699d8190c22fbcb3cd39a42440f0
  applovin_max: cee1150e05e836e6f978ec67d67e802f633dd889
  AppLovinMediationBidMachineAdapter: d7f9c6e5c391215ad5f5ec14275f6373999bb5c6
  AppLovinMediationBigoAdsAdapter: 9250d5fb076255188d9550529f07b4994bdc76e0
  AppLovinMediationByteDanceAdapter: a08b5c8d4bfcff434079a5c35fc1be14bd9d3b95
  AppLovinMediationChartboostAdapter: a83fecbaa26d4ede48c80c730fdcda7fd7e9d3af
  AppLovinMediationFacebookAdapter: 1c6d271111f4676049520487ea5d93f6d286e2f2
  AppLovinMediationGoogleAdManagerAdapter: 72943b93d0f4de003cdd89d35fb288ddaf4e8231
  AppLovinMediationInMobiAdapter: 3c85806a4d9a96a58e894eff1b652fa38d4823d8
  AppLovinMediationIronSourceAdapter: 7bc9fa45993d25ef75728c885991d42669040d8d
  AppLovinMediationMolocoAdapter: db6759753c21b880324611643f31c3af91009078
  AppLovinMediationUnityAdsAdapter: cf75181e59274a29740309dd4f64c37b299e1d4c
  AppLovinMediationVungleAdapter: a288c70db5ebb967c2e4b0cb3f2fc1ffc6ac9fae
  AppLovinSDK: fdae6a4361c9c9b09f8d7d18ede792368221d987
  appsflyer_sdk: 2765219407587b6f8e3b34bf33a87ebf96937a51
  AppsFlyerFramework: ad7ff0d22aa36c7f8cc4f71a5424e19b89ccb8ae
  audioplayers_darwin: ccf9c770ee768abb07e26d90af093f7bab1c12ab
  BidMachine: b5d8236e691a0c71fbb95a72e86f3ec189f1a8a9
  BigoADS: c4d9ec9cf6d3346843e126cdba111647ec402d9b
  ChartboostSDK: 5d387aeccf2748cd71c0b033e6c2cad4a558b308
  FBAudienceNetwork: 0f84c13e480f480a1290ca998f82533a3f476c14
  Flutter: e0871f40cf51350855a761d2e70bf5af5b9b5de7
  flutter_ad_ios_plugins: 39f145153e9fe06753e9b28fb7b43925ae399a71
  flutter_local_notifications: 395056b3175ba4f08480a7c5de30cd36d69827e4
  flutter_tba_info: fce89f2ce0bf3af177f0c88e99b153260bc6a7df
  fluttertoast: 61c4d04b244937570e728fcd5f541ddc8b58d01c
  fun_a: cbe9f1a8e80fe16429d5e4aecea649cc00e34361
  fun_b: 55ed90b13a4d9245e428c97a3370f23968850043
  fun_base: c46f9e995008155795af2f851add120a4b1e924c
  Google-Mobile-Ads-SDK: 14f57f2dc33532a24db288897e26494640810407
  GoogleUserMessagingPlatform: a8b56893477f67212fbc8411c139e61d463349f5
  in_app_review: 8efcf4a4d3ba72d5d776d29e5a268f1abf64d184
  InMobiSDK: 0cfb1a1eb5112fa0236ae1fab549e31fb96c9566
  IronSourceSDK: 0b5a640179ef91acc637332608183a05db1757df
  MolocoSDKiOS: 57d989984793ed15c7eed4aab36dd352cd5a2529
  OMSDK_Appodeal: 066f9da2c77d560e319341c6bd4739828bc65842
  path_provider_foundation: 080d55be775b7414fd5a5ef3ac137b97b097e564
  sqflite: c35dad70033b8862124f8337cc994a809fcd9fa3
  StackModules: f43fdc3fc047c0e208a6a44d604c97b2d1651bd7
  Toast: 1f5ea13423a1e6674c4abdac5be53587ae481c4e
  UnityAds: 3588f23a66cd6d4956c2c54d50d10242b24e60af
  url_launcher_ios: 694010445543906933d732453a59da0a173ae33d
  VungleAds: 7ceb822f20a6619d8d9ed6a616dacd8cc5b05036
  webview_flutter_wkwebview: 45a041c7831641076618876de3ba75c712860c6b

PODFILE CHECKSUM: dfa3b0783c5cd3c943abcd5368842f70f1ce57ac

COCOAPODS: 1.16.2
